// !$*UTF8*$!
{
	archiveVersion = 1;
	classes = {
	};
	objectVersion = 50;
	objects = {

/* Begin PBXBuildFile section */
		F0475137237D3EE30037499E /* AppDelegate.swift in Sources */ = {isa = PBXBuildFile; fileRef = F0475136237D3EE30037499E /* AppDelegate.swift */; };
		F0475139237D3EE30037499E /* SceneDelegate.swift in Sources */ = {isa = PBXBuildFile; fileRef = F0475138237D3EE30037499E /* SceneDelegate.swift */; };
		F047513B237D3EE30037499E /* ViewController.swift in Sources */ = {isa = PBXBuildFile; fileRef = F047513A237D3EE30037499E /* ViewController.swift */; };
		F047513E237D3EE30037499E /* Main.storyboard in Resources */ = {isa = PBXBuildFile; fileRef = F047513C237D3EE30037499E /* Main.storyboard */; };
		F0475140237D3EE80037499E /* Assets.xcassets in Resources */ = {isa = PBXBuildFile; fileRef = F047513F237D3EE80037499E /* Assets.xcassets */; };
		F0475143237D3EE80037499E /* LaunchScreen.storyboard in Resources */ = {isa = PBXBuildFile; fileRef = F0475141237D3EE80037499E /* LaunchScreen.storyboard */; };
		F047514D237D48CC0037499E /* decision22.mp3 in Resources */ = {isa = PBXBuildFile; fileRef = F047514C237D48CB0037499E /* decision22.mp3 */; };
/* End PBXBuildFile section */

/* Begin PBXFileReference section */
		F0475133237D3EE30037499E /* Omikuji.app */ = {isa = PBXFileReference; explicitFileType = wrapper.application; includeInIndex = 0; path = Omikuji.app; sourceTree = BUILT_PRODUCTS_DIR; };
		F0475136237D3EE30037499E /* AppDelegate.swift */ = {isa = PBXFileReference; lastKnownFileType = sourcecode.swift; path = AppDelegate.swift; sourceTree = "<group>"; };
		F0475138237D3EE30037499E /* SceneDelegate.swift */ = {isa = PBXFileReference; lastKnownFileType = sourcecode.swift; path = SceneDelegate.swift; sourceTree = "<group>"; };
		F047513A237D3EE30037499E /* ViewController.swift */ = {isa = PBXFileReference; lastKnownFileType = sourcecode.swift; path = ViewController.swift; sourceTree = "<group>"; };
		F047513D237D3EE30037499E /* Base */ = {isa = PBXFileReference; lastKnownFileType = file.storyboard; name = Base; path = Base.lproj/Main.storyboard; sourceTree = "<group>"; };
		F047513F237D3EE80037499E /* Assets.xcassets */ = {isa = PBXFileReference; lastKnownFileType = folder.assetcatalog; path = Assets.xcassets; sourceTree = "<group>"; };
		F0475142237D3EE80037499E /* Base */ = {isa = PBXFileReference; lastKnownFileType = file.storyboard; name = Base; path = Base.lproj/LaunchScreen.storyboard; sourceTree = "<group>"; };
		F0475144237D3EE80037499E /* Info.plist */ = {isa = PBXFileReference; lastKnownFileType = text.plist.xml; path = Info.plist; sourceTree = "<group>"; };
		F047514C237D48CB0037499E /* decision22.mp3 */ = {isa = PBXFileReference; lastKnownFileType = audio.mp3; path = decision22.mp3; sourceTree = "<group>"; };
/* End PBXFileReference section */

/* Begin PBXFrameworksBuildPhase section */
		F0475130237D3EE30037499E /* Frameworks */ = {
			isa = PBXFrameworksBuildPhase;
			buildActionMask = 2147483647;
			files = (
			);
			runOnlyForDeploymentPostprocessing = 0;
		};
/* End PBXFrameworksBuildPhase section */

/* Begin PBXGroup section */
		F047512A237D3EE30037499E = {
			isa = PBXGroup;
			children = (
				F0475135237D3EE30037499E /* Omikuji */,
				F0475134237D3EE30037499E /* Products */,
			);
			sourceTree = "<group>";
		};
		F0475134237D3EE30037499E /* Products */ = {
			isa = PBXGroup;
			children = (
				F0475133237D3EE30037499E /* Omikuji.app */,
			);
			name = Products;
			sourceTree = "<group>";
		};
		F0475135237D3EE30037499E /* Omikuji */ = {
			isa = PBXGroup;
			children = (
				F0475136237D3EE30037499E /* AppDelegate.swift */,
				F0475138237D3EE30037499E /* SceneDelegate.swift */,
				F047513A237D3EE30037499E /* ViewController.swift */,
				F047513C237D3EE30037499E /* Main.storyboard */,
				F047513F237D3EE80037499E /* Assets.xcassets */,
				F0475141237D3EE80037499E /* LaunchScreen.storyboard */,
				F0475144237D3EE80037499E /* Info.plist */,
				F047514C237D48CB0037499E /* decision22.mp3 */,
			);
			path = Omikuji;
			sourceTree = "<group>";
		};
/* End PBXGroup section */

/* Begin PBXNativeTarget section */
		F0475132237D3EE30037499E /* Omikuji */ = {
			isa = PBXNativeTarget;
			buildConfigurationList = F0475147237D3EE80037499E /* Build configuration list for PBXNativeTarget "Omikuji" */;
			buildPhases = (
				F047512F237D3EE30037499E /* Sources */,
				F0475130237D3EE30037499E /* Frameworks */,
				F0475131237D3EE30037499E /* Resources */,
			);
			buildRules = (
			);
			dependencies = (
			);
			name = Omikuji;
			productName = Omikuji;
			productReference = F0475133237D3EE30037499E /* Omikuji.app */;
			productType = "com.apple.product-type.application";
		};
/* End PBXNativeTarget section */

/* Begin PBXProject section */
		F047512B237D3EE30037499E /* Project object */ = {
			isa = PBXProject;
			attributes = {
				LastSwiftUpdateCheck = 1120;
				LastUpgradeCheck = 1120;
				ORGANIZATIONNAME = "HT-19R1108";
				TargetAttributes = {
					F0475132237D3EE30037499E = {
						CreatedOnToolsVersion = 11.2;
					};
				};
			};
			buildConfigurationList = F047512E237D3EE30037499E /* Build configuration list for PBXProject "Omikuji" */;
			compatibilityVersion = "Xcode 9.3";
			developmentRegion = en;
			hasScannedForEncodings = 0;
			knownRegions = (
				en,
				Base,
			);
			mainGroup = F047512A237D3EE30037499E;
			productRefGroup = F0475134237D3EE30037499E /* Products */;
			projectDirPath = "";
			projectRoot = "";
			targets = (
				F0475132237D3EE30037499E /* Omikuji */,
			);
		};
/* End PBXProject section */

/* Begin PBXResourcesBuildPhase section */
		F0475131237D3EE30037499E /* Resources */ = {
			isa = PBXResourcesBuildPhase;
			buildActionMask = 2147483647;
			files = (
				F0475143237D3EE80037499E /* LaunchScreen.storyboard in Resources */,
				F0475140237D3EE80037499E /* Assets.xcassets in Resources */,
				F047514D237D48CC0037499E /* decision22.mp3 in Resources */,
				F047513E237D3EE30037499E /* Main.storyboard in Resources */,
			);
			runOnlyForDeploymentPostprocessing = 0;
		};
/* End PBXResourcesBuildPhase section */

/* Begin PBXSourcesBuildPhase section */
		F047512F237D3EE30037499E /* Sources */ = {
			isa = PBXSourcesBuildPhase;
			buildActionMask = 2147483647;
			files = (
				F047513B237D3EE30037499E /* ViewController.swift in Sources */,
				F0475137237D3EE30037499E /* AppDelegate.swift in Sources */,
				F0475139237D3EE30037499E /* SceneDelegate.swift in Sources */,
			);
			runOnlyForDeploymentPostprocessing = 0;
		};
/* End PBXSourcesBuildPhase section */

/* Begin PBXVariantGroup section */
		F047513C237D3EE30037499E /* Main.storyboard */ = {
			isa = PBXVariantGroup;
			children = (
				F047513D237D3EE30037499E /* Base */,
			);
			name = Main.storyboard;
			sourceTree = "<group>";
		};
		F0475141237D3EE80037499E /* LaunchScreen.storyboard */ = {
			isa = PBXVariantGroup;
			children = (
				F0475142237D3EE80037499E /* Base */,
			);
			name = LaunchScreen.storyboard;
			sourceTree = "<group>";
		};
/* End PBXVariantGroup section */

/* Begin XCBuildConfiguration section */
		F0475145237D3EE80037499E /* Debug */ = {
			isa = XCBuildConfiguration;
			buildSettings = {
				ALWAYS_SEARCH_USER_PATHS = NO;
				CLANG_ANALYZER_NONNULL = YES;
				CLANG_ANALYZER_NUMBER_OBJECT_CONVERSION = YES_AGGRESSIVE;
				CLANG_CXX_LANGUAGE_STANDARD = "gnu++14";
				CLANG_CXX_LIBRARY = "libc++";
				CLANG_ENABLE_MODULES = YES;
				CLANG_ENABLE_OBJC_ARC = YES;
				CLANG_ENABLE_OBJC_WEAK = YES;
				CLANG_WARN_BLOCK_CAPTURE_AUTORELEASING = YES;
				CLANG_WARN_BOOL_CONVERSION = YES;
				CLANG_WARN_COMMA = YES;
				CLANG_WARN_CONSTANT_CONVERSION = YES;
				CLANG_WARN_DEPRECATED_OBJC_IMPLEMENTATIONS = YES;
				CLANG_WARN_DIRECT_OBJC_ISA_USAGE = YES_ERROR;
				CLANG_WARN_DOCUMENTATION_COMMENTS = YES;
				CLANG_WARN_EMPTY_BODY = YES;
				CLANG_WARN_ENUM_CONVERSION = YES;
				CLANG_WARN_INFINITE_RECURSION = YES;
				CLANG_WARN_INT_CONVERSION = YES;
				CLANG_WARN_NON_LITERAL_NULL_CONVERSION = YES;
				CLANG_WARN_OBJC_IMPLICIT_RETAIN_SELF = YES;
				CLANG_WARN_OBJC_LITERAL_CONVERSION = YES;
				CLANG_WARN_OBJC_ROOT_CLASS = YES_ERROR;
				CLANG_WARN_RANGE_LOOP_ANALYSIS = YES;
				CLANG_WARN_STRICT_PROTOTYPES = YES;
				CLANG_WARN_SUSPICIOUS_MOVE = YES;
				CLANG_WARN_UNGUARDED_AVAILABILITY = YES_AGGRESSIVE;
				CLANG_WARN_UNREACHABLE_CODE = YES;
				CLANG_WARN__DUPLICATE_METHOD_MATCH = YES;
				COPY_PHASE_STRIP = NO;
				DEBUG_INFORMATION_FORMAT = dwarf;
				ENABLE_STRICT_OBJC_MSGSEND = YES;
				ENABLE_TESTABILITY = YES;
				GCC_C_LANGUAGE_STANDARD = gnu11;
				GCC_DYNAMIC_NO_PIC = NO;
				GCC_NO_COMMON_BLOCKS = YES;
				GCC_OPTIMIZATION_LEVEL = 0;
				GCC_PREPROCESSOR_DEFINITIONS = (
					"DEBUG=1",
					"$(inherited)",
				);
				GCC_WARN_64_TO_32_BIT_CONVERSION = YES;
				GCC_WARN_ABOUT_RETURN_TYPE = YES_ERROR;
				GCC_WARN_UNDECLARED_SELECTOR = YES;
				GCC_WARN_UNINITIALIZED_AUTOS = YES_AGGRESSIVE;
				GCC_WARN_UNUSED_FUNCTION = YES;
				GCC_WARN_UNUSED_VARIABLE = YES;
				IPHONEOS_DEPLOYMENT_TARGET = 13.2;
				MTL_ENABLE_DEBUG_INFO = INCLUDE_SOURCE;
				MTL_FAST_MATH = YES;
				ONLY_ACTIVE_ARCH = YES;
				SDKROOT = iphoneos;
				SWIFT_ACTIVE_COMPILATION_CONDITIONS = DEBUG;
				SWIFT_OPTIMIZATION_LEVEL = "-Onone";
			};
			name = Debug;
		};
		F0475146237D3EE80037499E /* Release */ = {
			isa = XCBuildConfiguration;
			buildSettings = {
				ALWAYS_SEARCH_USER_PATHS = NO;
				CLANG_ANALYZER_NONNULL = YES;
				CLANG_ANALYZER_NUMBER_OBJECT_CONVERSION = YES_AGGRESSIVE;
				CLANG_CXX_LANGUAGE_STANDARD = "gnu++14";
				CLANG_CXX_LIBRARY = "libc++";
				CLANG_ENABLE_MODULES = YES;
				CLANG_ENABLE_OBJC_ARC = YES;
				CLANG_ENABLE_OBJC_WEAK = YES;
				CLANG_WARN_BLOCK_CAPTURE_AUTORELEASING = YES;
				CLANG_WARN_BOOL_CONVERSION = YES;
				CLANG_WARN_COMMA = YES;
				CLANG_WARN_CONSTANT_CONVERSION = YES;
				CLANG_WARN_DEPRECATED_OBJC_IMPLEMENTATIONS = YES;
				CLANG_WARN_DIRECT_OBJC_ISA_USAGE = YES_ERROR;
				CLANG_WARN_DOCUMENTATION_COMMENTS = YES;
				CLANG_WARN_EMPTY_BODY = YES;
				CLANG_WARN_ENUM_CONVERSION = YES;
				CLANG_WARN_INFINITE_RECURSION = YES;
				CLANG_WARN_INT_CONVERSION = YES;
				CLANG_WARN_NON_LITERAL_NULL_CONVERSION = YES;
				CLANG_WARN_OBJC_IMPLICIT_RETAIN_SELF = YES;
				CLANG_WARN_OBJC_LITERAL_CONVERSION = YES;
				CLANG_WARN_OBJC_ROOT_CLASS = YES_ERROR;
				CLANG_WARN_RANGE_LOOP_ANALYSIS = YES;
				CLANG_WARN_STRICT_PROTOTYPES = YES;
				CLANG_WARN_SUSPICIOUS_MOVE = YES;
				CLANG_WARN_UNGUARDED_AVAILABILITY = YES_AGGRESSIVE;
				CLANG_WARN_UNREACHABLE_CODE = YES;
				CLANG_WARN__DUPLICATE_METHOD_MATCH = YES;
				COPY_PHASE_STRIP = NO;
				DEBUG_INFORMATION_FORMAT = "dwarf-with-dsym";
				ENABLE_NS_ASSERTIONS = NO;
				ENABLE_STRICT_OBJC_MSGSEND = YES;
				GCC_C_LANGUAGE_STANDARD = gnu11;
				GCC_NO_COMMON_BLOCKS = YES;
				GCC_WARN_64_TO_32_BIT_CONVERSION = YES;
				GCC_WARN_ABOUT_RETURN_TYPE = YES_ERROR;
				GCC_WARN_UNDECLARED_SELECTOR = YES;
				GCC_WARN_UNINITIALIZED_AUTOS = YES_AGGRESSIVE;
				GCC_WARN_UNUSED_FUNCTION = YES;
				GCC_WARN_UNUSED_VARIABLE = YES;
				IPHONEOS_DEPLOYMENT_TARGET = 13.2;
				MTL_ENABLE_DEBUG_INFO = NO;
				MTL_FAST_MATH = YES;
				SDKROOT = iphoneos;
				SWIFT_COMPILATION_MODE = wholemodule;
				SWIFT_OPTIMIZATION_LEVEL = "-O";
				VALIDATE_PRODUCT = YES;
			};
			name = Release;
		};
		F0475148237D3EE80037499E /* Debug */ = {
			isa = XCBuildConfiguration;
			buildSettings = {
				ASSETCATALOG_COMPILER_APPICON_NAME = AppIcon;
				CODE_SIGN_STYLE = Automatic;
				INFOPLIST_FILE = Omikuji/Info.plist;
				LD_RUNPATH_SEARCH_PATHS = (
					"$(inherited)",
					"@executable_path/Frameworks",
				);
				PRODUCT_BUNDLE_IDENTIFIER = jp.hayashi.Omikuji;
				PRODUCT_NAME = "$(TARGET_NAME)";
				SWIFT_VERSION = 5.0;
				TARGETED_DEVICE_FAMILY = "1,2";
			};
			name = Debug;
		};
		F0475149237D3EE80037499E /* Release */ = {
			isa = XCBuildConfiguration;
			buildSettings = {
				ASSETCATALOG_COMPILER_APPICON_NAME = AppIcon;
				CODE_SIGN_STYLE = Automatic;
				INFOPLIST_FILE = Omikuji/Info.plist;
				LD_RUNPATH_SEARCH_PATHS = (
					"$(inherited)",
					"@executable_path/Frameworks",
				);
				PRODUCT_BUNDLE_IDENTIFIER = jp.hayashi.Omikuji;
				PRODUCT_NAME = "$(TARGET_NAME)";
				SWIFT_VERSION = 5.0;
				TARGETED_DEVICE_FAMILY = "1,2";
			};
			name = Release;
		};
/* End XCBuildConfiguration section */

/* Begin XCConfigurationList section */
		F047512E237D3EE30037499E /* Build configuration list for PBXProject "Omikuji" */ = {
			isa = XCConfigurationList;
			buildConfigurations = (
				F0475145237D3EE80037499E /* Debug */,
				F0475146237D3EE80037499E /* Release */,
			);
			defaultConfigurationIsVisible = 0;
			defaultConfigurationName = Release;
		};
		F0475147237D3EE80037499E /* Build configuration list for PBXNativeTarget "Omikuji" */ = {
			isa = XCConfigurationList;
			buildConfigurations = (
				F0475148237D3EE80037499E /* Debug */,
				F0475149237D3EE80037499E /* Release */,
			);
			defaultConfigurationIsVisible = 0;
			defaultConfigurationName = Release;
		};
/* End XCConfigurationList section */
	};
	rootObject = F047512B237D3EE30037499E /* Project object */;
}
